
Microsoft Visual Studio Solution File, Format Version 12.00
# Visual Studio Version 16
VisualStudioVersion = 16.0.30406.217
MinimumVisualStudioVersion = 10.0.40219.1
Project("{FAE04EC0-301F-11D3-BF4B-00C04F79EFBC}") = "person", "person\person.csproj", "{5A4EF4D4-5358-4B76-89BE-A0FBD1BF3161}"
EndProject
Global
	GlobalSection(SolutionConfigurationPlatforms) = preSolution
		Debug|Any CPU = Debug|Any CPU
		Release|Any CPU = Release|Any CPU
	EndGlobalSection
	GlobalSection(ProjectConfigurationPlatforms) = postSolution
		{5A4EF4D4-5358-4B76-89BE-A0FBD1BF3161}.Debug|Any CPU.ActiveCfg = Debug|Any CPU
		{5A4EF4D4-5358-4B76-89BE-A0FBD1BF3161}.Debug|Any CPU.Build.0 = Debug|Any CPU
		{5A4EF4D4-5358-4B76-89BE-A0FBD1BF3161}.Release|Any CPU.ActiveCfg = Release|Any CPU
		{5A4EF4D4-5358-4B76-89BE-A0FBD1BF3161}.Release|Any CPU.Build.0 = Release|Any CPU
	EndGlobalSection
	GlobalSection(SolutionProperties) = preSolution
		HideSolutionNode = FALSE
	EndGlobalSection
	GlobalSection(ExtensibilityGlobals) = postSolution
		SolutionGuid = {673B33F7-6B33-4C34-AE28-C5B0C4B4D668}
	EndGlobalSection
EndGlobal
